
Microsoft Visual Studio Solution File, Format Version 12.00
# Visual Studio Version 16
VisualStudioVersion = 16.0.30011.22
MinimumVisualStudioVersion = 10.0.40219.1
Project("{9A19103F-16F7-4668-BE54-9A1E7A4F7556}") = "Lab01_EDII", "Lab01_EDII\Lab01_EDII.csproj", "{437C5F9B-C4FB-4B54-9BF2-75F689BD5B92}"
EndProject
Project("{FAE04EC0-301F-11D3-BF4B-00C04F79EFBC}") = "Arbol_Multicamino", "Arbol_Multicamino\Arbol_Multicamino.csproj", "{0F27BED5-5C9B-4926-A6A6-8A5F0BAF4470}"
EndProject
Global
	GlobalSection(SolutionConfigurationPlatforms) = preSolution
		Debug|Any CPU = Debug|Any CPU
		Release|Any CPU = Release|Any CPU
	EndGlobalSection
	GlobalSection(ProjectConfigurationPlatforms) = postSolution
		{437C5F9B-C4FB-4B54-9BF2-75F689BD5B92}.Debug|Any CPU.ActiveCfg = Debug|Any CPU
		{437C5F9B-C4FB-4B54-9BF2-75F689BD5B92}.Debug|Any CPU.Build.0 = Debug|Any CPU
		{437C5F9B-C4FB-4B54-9BF2-75F689BD5B92}.Release|Any CPU.ActiveCfg = Release|Any CPU
		{437C5F9B-C4FB-4B54-9BF2-75F689BD5B92}.Release|Any CPU.Build.0 = Release|Any CPU
		{0F27BED5-5C9B-4926-A6A6-8A5F0BAF4470}.Debug|Any CPU.ActiveCfg = Debug|Any CPU
		{0F27BED5-5C9B-4926-A6A6-8A5F0BAF4470}.Debug|Any CPU.Build.0 = Debug|Any CPU
		{0F27BED5-5C9B-4926-A6A6-8A5F0BAF4470}.Release|Any CPU.ActiveCfg = Release|Any CPU
		{0F27BED5-5C9B-4926-A6A6-8A5F0BAF4470}.Release|Any CPU.Build.0 = Release|Any CPU
	EndGlobalSection
	GlobalSection(SolutionProperties) = preSolution
		HideSolutionNode = FALSE
	EndGlobalSection
	GlobalSection(ExtensibilityGlobals) = postSolution
		SolutionGuid = {F10F12EB-7E55-4B32-BE99-D2AFF7A9D9D2}
	EndGlobalSection
EndGlobal
